
Microsoft Visual Studio Solution File, Format Version 12.00
# Visual Studio Version 17
VisualStudioVersion = 17.4.33110.190
MinimumVisualStudioVersion = 10.0.40219.1
Project("{FAE04EC0-301F-11D3-BF4B-00C04F79EFBC}") = "KeepItShort", "KeepItShort.csproj", "{74682BA5-746F-4ACF-98D0-5FE3561A57CE}"
EndProject
Project("{FAE04EC0-301F-11D3-BF4B-00C04F79EFBC}") = "KeepItShort.Persistance", "..\KeepItShort.Persistance\KeepItShort.Persistance.csproj", "{646CA1BD-7AD5-4173-8513-759E27D0C4D6}"
EndProject
Global
	GlobalSection(SolutionConfigurationPlatforms) = preSolution
		Debug|Any CPU = Debug|Any CPU
		Release|Any CPU = Release|Any CPU
	EndGlobalSection
	GlobalSection(ProjectConfigurationPlatforms) = postSolution
		{74682BA5-746F-4ACF-98D0-5FE3561A57CE}.Debug|Any CPU.ActiveCfg = Debug|Any CPU
		{74682BA5-746F-4ACF-98D0-5FE3561A57CE}.Debug|Any CPU.Build.0 = Debug|Any CPU
		{74682BA5-746F-4ACF-98D0-5FE3561A57CE}.Release|Any CPU.ActiveCfg = Release|Any CPU
		{74682BA5-746F-4ACF-98D0-5FE3561A57CE}.Release|Any CPU.Build.0 = Release|Any CPU
		{646CA1BD-7AD5-4173-8513-759E27D0C4D6}.Debug|Any CPU.ActiveCfg = Debug|Any CPU
		{646CA1BD-7AD5-4173-8513-759E27D0C4D6}.Debug|Any CPU.Build.0 = Debug|Any CPU
		{646CA1BD-7AD5-4173-8513-759E27D0C4D6}.Release|Any CPU.ActiveCfg = Release|Any CPU
		{646CA1BD-7AD5-4173-8513-759E27D0C4D6}.Release|Any CPU.Build.0 = Release|Any CPU
	EndGlobalSection
	GlobalSection(SolutionProperties) = preSolution
		HideSolutionNode = FALSE
	EndGlobalSection
	GlobalSection(ExtensibilityGlobals) = postSolution
		SolutionGuid = {CDD31182-71B0-44B3-94F2-D1542A481467}
	EndGlobalSection
EndGlobal
